{
  "name": "@woebot/serverless-simplify-default-exec-role-plugin",
  "version": "1.0.1",
  "lockfileVersion": 2,
  "requires": true,
  "packages": {
    "": {
      "name": "@woebot/serverless-simplify-default-exec-role-plugin",
      "version": "1.0.1",
      "license": "MIT",
      "devDependencies": {},
      "engines": {
        "node": ">=14"
      }
    }
  }
}
